
Microsoft Visual Studio Solution File, Format Version 12.00
# Visual Studio Version 17
VisualStudioVersion = 17.6.33815.320
MinimumVisualStudioVersion = 10.0.40219.1
Project("{FAE04EC0-301F-11D3-BF4B-00C04F79EFBC}") = "FoodZone.Android", "FoodZone\FoodZone.Android\FoodZone.Android.csproj", "{5DB98DEB-8245-44EF-9898-74CA6AAF3FA0}"
EndProject
Project("{FAE04EC0-301F-11D3-BF4B-00C04F79EFBC}") = "FoodZone.iOS", "FoodZone\FoodZone.iOS\FoodZone.iOS.csproj", "{2F96D005-755B-4BC4-8615-350F6AA7BC95}"
EndProject
Project("{FAE04EC0-301F-11D3-BF4B-00C04F79EFBC}") = "FoodZone", "FoodZone\FoodZone\FoodZone.csproj", "{941F6D7A-C087-40D3-A997-D789BE12A642}"
EndProject
Global
	GlobalSection(SolutionConfigurationPlatforms) = preSolution
		Debug|Any CPU = Debug|Any CPU
		Debug|iPhone = Debug|iPhone
		Debug|iPhoneSimulator = Debug|iPhoneSimulator
		Release|Any CPU = Release|Any CPU
		Release|iPhone = Release|iPhone
		Release|iPhoneSimulator = Release|iPhoneSimulator
	EndGlobalSection
	GlobalSection(ProjectConfigurationPlatforms) = postSolution
		{5DB98DEB-8245-44EF-9898-74CA6AAF3FA0}.Debug|Any CPU.ActiveCfg = Debug|Any CPU
		{5DB98DEB-8245-44EF-9898-74CA6AAF3FA0}.Debug|Any CPU.Build.0 = Debug|Any CPU
		{5DB98DEB-8245-44EF-9898-74CA6AAF3FA0}.Debug|Any CPU.Deploy.0 = Debug|Any CPU
		{5DB98DEB-8245-44EF-9898-74CA6AAF3FA0}.Debug|iPhone.ActiveCfg = Debug|Any CPU
		{5DB98DEB-8245-44EF-9898-74CA6AAF3FA0}.Debug|iPhone.Build.0 = Debug|Any CPU
		{5DB98DEB-8245-44EF-9898-74CA6AAF3FA0}.Debug|iPhone.Deploy.0 = Debug|Any CPU
		{5DB98DEB-8245-44EF-9898-74CA6AAF3FA0}.Debug|iPhoneSimulator.ActiveCfg = Debug|Any CPU
		{5DB98DEB-8245-44EF-9898-74CA6AAF3FA0}.Debug|iPhoneSimulator.Build.0 = Debug|Any CPU
		{5DB98DEB-8245-44EF-9898-74CA6AAF3FA0}.Debug|iPhoneSimulator.Deploy.0 = Debug|Any CPU
		{5DB98DEB-8245-44EF-9898-74CA6AAF3FA0}.Release|Any CPU.ActiveCfg = Release|Any CPU
		{5DB98DEB-8245-44EF-9898-74CA6AAF3FA0}.Release|Any CPU.Build.0 = Release|Any CPU
		{5DB98DEB-8245-44EF-9898-74CA6AAF3FA0}.Release|Any CPU.Deploy.0 = Release|Any CPU
		{5DB98DEB-8245-44EF-9898-74CA6AAF3FA0}.Release|iPhone.ActiveCfg = Release|Any CPU
		{5DB98DEB-8245-44EF-9898-74CA6AAF3FA0}.Release|iPhone.Build.0 = Release|Any CPU
		{5DB98DEB-8245-44EF-9898-74CA6AAF3FA0}.Release|iPhone.Deploy.0 = Release|Any CPU
		{5DB98DEB-8245-44EF-9898-74CA6AAF3FA0}.Release|iPhoneSimulator.ActiveCfg = Release|Any CPU
		{5DB98DEB-8245-44EF-9898-74CA6AAF3FA0}.Release|iPhoneSimulator.Build.0 = Release|Any CPU
		{5DB98DEB-8245-44EF-9898-74CA6AAF3FA0}.Release|iPhoneSimulator.Deploy.0 = Release|Any CPU
		{2F96D005-755B-4BC4-8615-350F6AA7BC95}.Debug|Any CPU.ActiveCfg = Debug|iPhone
		{2F96D005-755B-4BC4-8615-350F6AA7BC95}.Debug|Any CPU.Build.0 = Debug|iPhone
		{2F96D005-755B-4BC4-8615-350F6AA7BC95}.Debug|Any CPU.Deploy.0 = Debug|iPhone
		{2F96D005-755B-4BC4-8615-350F6AA7BC95}.Debug|iPhone.ActiveCfg = Debug|iPhone
		{2F96D005-755B-4BC4-8615-350F6AA7BC95}.Debug|iPhone.Build.0 = Debug|iPhone
		{2F96D005-755B-4BC4-8615-350F6AA7BC95}.Debug|iPhone.Deploy.0 = Debug|iPhone
		{2F96D005-755B-4BC4-8615-350F6AA7BC95}.Debug|iPhoneSimulator.ActiveCfg = Debug|iPhoneSimulator
		{2F96D005-755B-4BC4-8615-350F6AA7BC95}.Debug|iPhoneSimulator.Build.0 = Debug|iPhoneSimulator
		{2F96D005-755B-4BC4-8615-350F6AA7BC95}.Debug|iPhoneSimulator.Deploy.0 = Debug|iPhoneSimulator
		{2F96D005-755B-4BC4-8615-350F6AA7BC95}.Release|Any CPU.ActiveCfg = Release|iPhoneSimulator
		{2F96D005-755B-4BC4-8615-350F6AA7BC95}.Release|Any CPU.Build.0 = Release|iPhoneSimulator
		{2F96D005-755B-4BC4-8615-350F6AA7BC95}.Release|Any CPU.Deploy.0 = Release|iPhoneSimulator
		{2F96D005-755B-4BC4-8615-350F6AA7BC95}.Release|iPhone.ActiveCfg = Release|iPhone
		{2F96D005-755B-4BC4-8615-350F6AA7BC95}.Release|iPhone.Build.0 = Release|iPhone
		{2F96D005-755B-4BC4-8615-350F6AA7BC95}.Release|iPhone.Deploy.0 = Release|iPhone
		{2F96D005-755B-4BC4-8615-350F6AA7BC95}.Release|iPhoneSimulator.ActiveCfg = Release|iPhoneSimulator
		{2F96D005-755B-4BC4-8615-350F6AA7BC95}.Release|iPhoneSimulator.Build.0 = Release|iPhoneSimulator
		{2F96D005-755B-4BC4-8615-350F6AA7BC95}.Release|iPhoneSimulator.Deploy.0 = Release|iPhoneSimulator
		{941F6D7A-C087-40D3-A997-D789BE12A642}.Debug|Any CPU.ActiveCfg = Debug|Any CPU
		{941F6D7A-C087-40D3-A997-D789BE12A642}.Debug|Any CPU.Build.0 = Debug|Any CPU
		{941F6D7A-C087-40D3-A997-D789BE12A642}.Debug|Any CPU.Deploy.0 = Debug|Any CPU
		{941F6D7A-C087-40D3-A997-D789BE12A642}.Debug|iPhone.ActiveCfg = Debug|Any CPU
		{941F6D7A-C087-40D3-A997-D789BE12A642}.Debug|iPhone.Build.0 = Debug|Any CPU
		{941F6D7A-C087-40D3-A997-D789BE12A642}.Debug|iPhone.Deploy.0 = Debug|Any CPU
		{941F6D7A-C087-40D3-A997-D789BE12A642}.Debug|iPhoneSimulator.ActiveCfg = Debug|Any CPU
		{941F6D7A-C087-40D3-A997-D789BE12A642}.Debug|iPhoneSimulator.Build.0 = Debug|Any CPU
		{941F6D7A-C087-40D3-A997-D789BE12A642}.Debug|iPhoneSimulator.Deploy.0 = Debug|Any CPU
		{941F6D7A-C087-40D3-A997-D789BE12A642}.Release|Any CPU.ActiveCfg = Release|Any CPU
		{941F6D7A-C087-40D3-A997-D789BE12A642}.Release|Any CPU.Build.0 = Release|Any CPU
		{941F6D7A-C087-40D3-A997-D789BE12A642}.Release|Any CPU.Deploy.0 = Release|Any CPU
		{941F6D7A-C087-40D3-A997-D789BE12A642}.Release|iPhone.ActiveCfg = Release|Any CPU
		{941F6D7A-C087-40D3-A997-D789BE12A642}.Release|iPhone.Build.0 = Release|Any CPU
		{941F6D7A-C087-40D3-A997-D789BE12A642}.Release|iPhone.Deploy.0 = Release|Any CPU
		{941F6D7A-C087-40D3-A997-D789BE12A642}.Release|iPhoneSimulator.ActiveCfg = Release|Any CPU
		{941F6D7A-C087-40D3-A997-D789BE12A642}.Release|iPhoneSimulator.Build.0 = Release|Any CPU
		{941F6D7A-C087-40D3-A997-D789BE12A642}.Release|iPhoneSimulator.Deploy.0 = Release|Any CPU
	EndGlobalSection
	GlobalSection(SolutionProperties) = preSolution
		HideSolutionNode = FALSE
	EndGlobalSection
	GlobalSection(ExtensibilityGlobals) = postSolution
		SolutionGuid = {6FA324BA-5A68-480D-8A09-F1347BF3F58D}
	EndGlobalSection
EndGlobal
